// !$*UTF8*$!
{
	archiveVersion = 1;
	classes = {
	};
	objectVersion = 50;
	objects = {

/* Begin PBXBuildFile section */
		8BB599932452170E007C4B72 /* ResultsView.swift in Sources */ = {isa = PBXBuildFile; fileRef = 8BB599922452170E007C4B72 /* ResultsView.swift */; };
		8BB59995245498A3007C4B72 /* MyGenresView.swift in Sources */ = {isa = PBXBuildFile; fileRef = 8BB59994245498A3007C4B72 /* MyGenresView.swift */; };
		8BB5999724549EB6007C4B72 /* Genres.swift in Sources */ = {isa = PBXBuildFile; fileRef = 8BB5999624549EB6007C4B72 /* Genres.swift */; };
		8BBD9A822450C76C00C550EA /* ResizableTextField.swift in Sources */ = {isa = PBXBuildFile; fileRef = 8BBD9A812450C76C00C550EA /* ResizableTextField.swift */; };
		8BC1DAAB244C4FAC007D3550 /* AppDelegate.swift in Sources */ = {isa = PBXBuildFile; fileRef = 8BC1DAAA244C4FAC007D3550 /* AppDelegate.swift */; };
		8BC1DAAD244C4FAC007D3550 /* SceneDelegate.swift in Sources */ = {isa = PBXBuildFile; fileRef = 8BC1DAAC244C4FAC007D3550 /* SceneDelegate.swift */; };
		8BC1DAAF244C4FAC007D3550 /* ContentView.swift in Sources */ = {isa = PBXBuildFile; fileRef = 8BC1DAAE244C4FAC007D3550 /* ContentView.swift */; };
		8BC1DAB1244C4FB0007D3550 /* Assets.xcassets in Resources */ = {isa = PBXBuildFile; fileRef = 8BC1DAB0244C4FB0007D3550 /* Assets.xcassets */; };
		8BC1DAB4244C4FB0007D3550 /* Preview Assets.xcassets in Resources */ = {isa = PBXBuildFile; fileRef = 8BC1DAB3244C4FB0007D3550 /* Preview Assets.xcassets */; };
		8BC1DAB7244C4FB0007D3550 /* LaunchScreen.storyboard in Resources */ = {isa = PBXBuildFile; fileRef = 8BC1DAB5244C4FB0007D3550 /* LaunchScreen.storyboard */; };
		8BC1DABF244CA024007D3550 /* AddWhistleView.swift in Sources */ = {isa = PBXBuildFile; fileRef = 8BC1DABE244CA024007D3550 /* AddWhistleView.swift */; };
		8BC1DAC1244CB3BD007D3550 /* Helper.swift in Sources */ = {isa = PBXBuildFile; fileRef = 8BC1DAC0244CB3BD007D3550 /* Helper.swift */; };
		8BC1DAC3244CE35E007D3550 /* GenreView.swift in Sources */ = {isa = PBXBuildFile; fileRef = 8BC1DAC2244CE35E007D3550 /* GenreView.swift */; };
		8BC1DAC5244CE7D5007D3550 /* SubmitView.swift in Sources */ = {isa = PBXBuildFile; fileRef = 8BC1DAC4244CE7D5007D3550 /* SubmitView.swift */; };
		8BC1DAC9244E07F2007D3550 /* LoadingView.swift in Sources */ = {isa = PBXBuildFile; fileRef = 8BC1DAC8244E07F2007D3550 /* LoadingView.swift */; };
		8BC1DACB244E0917007D3550 /* Modifier.swift in Sources */ = {isa = PBXBuildFile; fileRef = 8BC1DACA244E0917007D3550 /* Modifier.swift */; };
		8BC1DACF244E0DEB007D3550 /* CloudKit.framework in Frameworks */ = {isa = PBXBuildFile; fileRef = 8BC1DACE244E0DEB007D3550 /* CloudKit.framework */; };
		8BC1DAD1244E0FC3007D3550 /* Whistle.swift in Sources */ = {isa = PBXBuildFile; fileRef = 8BC1DAD0244E0FC3007D3550 /* Whistle.swift */; };
		8BC1DAD3244F74D8007D3550 /* Spinner.swift in Sources */ = {isa = PBXBuildFile; fileRef = 8BC1DAD2244F74D8007D3550 /* Spinner.swift */; };
/* End PBXBuildFile section */

/* Begin PBXFileReference section */
		8BB599922452170E007C4B72 /* ResultsView.swift */ = {isa = PBXFileReference; lastKnownFileType = sourcecode.swift; path = ResultsView.swift; sourceTree = "<group>"; };
		8BB59994245498A3007C4B72 /* MyGenresView.swift */ = {isa = PBXFileReference; lastKnownFileType = sourcecode.swift; path = MyGenresView.swift; sourceTree = "<group>"; };
		8BB5999624549EB6007C4B72 /* Genres.swift */ = {isa = PBXFileReference; lastKnownFileType = sourcecode.swift; path = Genres.swift; sourceTree = "<group>"; };
		8BBD9A812450C76C00C550EA /* ResizableTextField.swift */ = {isa = PBXFileReference; lastKnownFileType = sourcecode.swift; path = ResizableTextField.swift; sourceTree = "<group>"; };
		8BC1DAA7244C4FAC007D3550 /* The Whistle.app */ = {isa = PBXFileReference; explicitFileType = wrapper.application; includeInIndex = 0; path = "The Whistle.app"; sourceTree = BUILT_PRODUCTS_DIR; };
		8BC1DAAA244C4FAC007D3550 /* AppDelegate.swift */ = {isa = PBXFileReference; lastKnownFileType = sourcecode.swift; path = AppDelegate.swift; sourceTree = "<group>"; };
		8BC1DAAC244C4FAC007D3550 /* SceneDelegate.swift */ = {isa = PBXFileReference; lastKnownFileType = sourcecode.swift; path = SceneDelegate.swift; sourceTree = "<group>"; };
		8BC1DAAE244C4FAC007D3550 /* ContentView.swift */ = {isa = PBXFileReference; lastKnownFileType = sourcecode.swift; path = ContentView.swift; sourceTree = "<group>"; };
		8BC1DAB0244C4FB0007D3550 /* Assets.xcassets */ = {isa = PBXFileReference; lastKnownFileType = folder.assetcatalog; path = Assets.xcassets; sourceTree = "<group>"; };
		8BC1DAB3244C4FB0007D3550 /* Preview Assets.xcassets */ = {isa = PBXFileReference; lastKnownFileType = folder.assetcatalog; path = "Preview Assets.xcassets"; sourceTree = "<group>"; };
		8BC1DAB6244C4FB0007D3550 /* Base */ = {isa = PBXFileReference; lastKnownFileType = file.storyboard; name = Base; path = Base.lproj/LaunchScreen.storyboard; sourceTree = "<group>"; };
		8BC1DAB8244C4FB0007D3550 /* Info.plist */ = {isa = PBXFileReference; lastKnownFileType = text.plist.xml; path = Info.plist; sourceTree = "<group>"; };
		8BC1DABE244CA024007D3550 /* AddWhistleView.swift */ = {isa = PBXFileReference; lastKnownFileType = sourcecode.swift; path = AddWhistleView.swift; sourceTree = "<group>"; };
		8BC1DAC0244CB3BD007D3550 /* Helper.swift */ = {isa = PBXFileReference; lastKnownFileType = sourcecode.swift; path = Helper.swift; sourceTree = "<group>"; };
		8BC1DAC2244CE35E007D3550 /* GenreView.swift */ = {isa = PBXFileReference; lastKnownFileType = sourcecode.swift; path = GenreView.swift; sourceTree = "<group>"; };
		8BC1DAC4244CE7D5007D3550 /* SubmitView.swift */ = {isa = PBXFileReference; lastKnownFileType = sourcecode.swift; path = SubmitView.swift; sourceTree = "<group>"; };
		8BC1DAC8244E07F2007D3550 /* LoadingView.swift */ = {isa = PBXFileReference; lastKnownFileType = sourcecode.swift; path = LoadingView.swift; sourceTree = "<group>"; };
		8BC1DACA244E0917007D3550 /* Modifier.swift */ = {isa = PBXFileReference; lastKnownFileType = sourcecode.swift; path = Modifier.swift; sourceTree = "<group>"; };
		8BC1DACC244E0DD8007D3550 /* The Whistle.entitlements */ = {isa = PBXFileReference; lastKnownFileType = text.plist.entitlements; path = "The Whistle.entitlements"; sourceTree = "<group>"; };
		8BC1DACE244E0DEB007D3550 /* CloudKit.framework */ = {isa = PBXFileReference; lastKnownFileType = wrapper.framework; name = CloudKit.framework; path = System/Library/Frameworks/CloudKit.framework; sourceTree = SDKROOT; };
		8BC1DAD0244E0FC3007D3550 /* Whistle.swift */ = {isa = PBXFileReference; lastKnownFileType = sourcecode.swift; path = Whistle.swift; sourceTree = "<group>"; };
		8BC1DAD2244F74D8007D3550 /* Spinner.swift */ = {isa = PBXFileReference; lastKnownFileType = sourcecode.swift; path = Spinner.swift; sourceTree = "<group>"; };
/* End PBXFileReference section */

/* Begin PBXFrameworksBuildPhase section */
		8BC1DAA4244C4FAC007D3550 /* Frameworks */ = {
			isa = PBXFrameworksBuildPhase;
			buildActionMask = 2147483647;
			files = (
				8BC1DACF244E0DEB007D3550 /* CloudKit.framework in Frameworks */,
			);
			runOnlyForDeploymentPostprocessing = 0;
		};
/* End PBXFrameworksBuildPhase section */

/* Begin PBXGroup section */
		8BC1DA9E244C4FAC007D3550 = {
			isa = PBXGroup;
			children = (
				8BC1DAA9244C4FAC007D3550 /* The Whistle */,
				8BC1DAA8244C4FAC007D3550 /* Products */,
				8BC1DACD244E0DEB007D3550 /* Frameworks */,
			);
			sourceTree = "<group>";
		};
		8BC1DAA8244C4FAC007D3550 /* Products */ = {
			isa = PBXGroup;
			children = (
				8BC1DAA7244C4FAC007D3550 /* The Whistle.app */,
			);
			name = Products;
			sourceTree = "<group>";
		};
		8BC1DAA9244C4FAC007D3550 /* The Whistle */ = {
			isa = PBXGroup;
			children = (
				8BC1DACC244E0DD8007D3550 /* The Whistle.entitlements */,
				8BC1DAAA244C4FAC007D3550 /* AppDelegate.swift */,
				8BC1DAAC244C4FAC007D3550 /* SceneDelegate.swift */,
				8BC1DAAE244C4FAC007D3550 /* ContentView.swift */,
				8BB599922452170E007C4B72 /* ResultsView.swift */,
				8BC1DABE244CA024007D3550 /* AddWhistleView.swift */,
				8BC1DAC2244CE35E007D3550 /* GenreView.swift */,
				8BB59994245498A3007C4B72 /* MyGenresView.swift */,
				8BC1DAC4244CE7D5007D3550 /* SubmitView.swift */,
				8BC1DAC8244E07F2007D3550 /* LoadingView.swift */,
				8BB5999624549EB6007C4B72 /* Genres.swift */,
				8BC1DAD0244E0FC3007D3550 /* Whistle.swift */,
				8BBD9A812450C76C00C550EA /* ResizableTextField.swift */,
				8BC1DAC0244CB3BD007D3550 /* Helper.swift */,
				8BC1DAD2244F74D8007D3550 /* Spinner.swift */,
				8BC1DACA244E0917007D3550 /* Modifier.swift */,
				8BC1DAB0244C4FB0007D3550 /* Assets.xcassets */,
				8BC1DAB5244C4FB0007D3550 /* LaunchScreen.storyboard */,
				8BC1DAB8244C4FB0007D3550 /* Info.plist */,
				8BC1DAB2244C4FB0007D3550 /* Preview Content */,
			);
			path = "The Whistle";
			sourceTree = "<group>";
		};
		8BC1DAB2244C4FB0007D3550 /* Preview Content */ = {
			isa = PBXGroup;
			children = (
				8BC1DAB3244C4FB0007D3550 /* Preview Assets.xcassets */,
			);
			path = "Preview Content";
			sourceTree = "<group>";
		};
		8BC1DACD244E0DEB007D3550 /* Frameworks */ = {
			isa = PBXGroup;
			children = (
				8BC1DACE244E0DEB007D3550 /* CloudKit.framework */,
			);
			name = Frameworks;
			sourceTree = "<group>";
		};
/* End PBXGroup section */

/* Begin PBXNativeTarget section */
		8BC1DAA6244C4FAC007D3550 /* The Whistle */ = {
			isa = PBXNativeTarget;
			buildConfigurationList = 8BC1DABB244C4FB0007D3550 /* Build configuration list for PBXNativeTarget "The Whistle" */;
			buildPhases = (
				8BC1DAA3244C4FAC007D3550 /* Sources */,
				8BC1DAA4244C4FAC007D3550 /* Frameworks */,
				8BC1DAA5244C4FAC007D3550 /* Resources */,
			);
			buildRules = (
			);
			dependencies = (
			);
			name = "The Whistle";
			productName = "The Whistle";
			productReference = 8BC1DAA7244C4FAC007D3550 /* The Whistle.app */;
			productType = "com.apple.product-type.application";
		};
/* End PBXNativeTarget section */

/* Begin PBXProject section */
		8BC1DA9F244C4FAC007D3550 /* Project object */ = {
			isa = PBXProject;
			attributes = {
				LastSwiftUpdateCheck = 1140;
				LastUpgradeCheck = 1140;
				ORGANIZATIONNAME = "Nigel Gee";
				TargetAttributes = {
					8BC1DAA6244C4FAC007D3550 = {
						CreatedOnToolsVersion = 11.4.1;
					};
				};
			};
			buildConfigurationList = 8BC1DAA2244C4FAC007D3550 /* Build configuration list for PBXProject "The Whistle" */;
			compatibilityVersion = "Xcode 9.3";
			developmentRegion = en;
			hasScannedForEncodings = 0;
			knownRegions = (
				en,
				Base,
			);
			mainGroup = 8BC1DA9E244C4FAC007D3550;
			productRefGroup = 8BC1DAA8244C4FAC007D3550 /* Products */;
			projectDirPath = "";
			projectRoot = "";
			targets = (
				8BC1DAA6244C4FAC007D3550 /* The Whistle */,
			);
		};
/* End PBXProject section */

/* Begin PBXResourcesBuildPhase section */
		8BC1DAA5244C4FAC007D3550 /* Resources */ = {
			isa = PBXResourcesBuildPhase;
			buildActionMask = 2147483647;
			files = (
				8BC1DAB7244C4FB0007D3550 /* LaunchScreen.storyboard in Resources */,
				8BC1DAB4244C4FB0007D3550 /* Preview Assets.xcassets in Resources */,
				8BC1DAB1244C4FB0007D3550 /* Assets.xcassets in Resources */,
			);
			runOnlyForDeploymentPostprocessing = 0;
		};
/* End PBXResourcesBuildPhase section */

/* Begin PBXSourcesBuildPhase section */
		8BC1DAA3244C4FAC007D3550 /* Sources */ = {
			isa = PBXSourcesBuildPhase;
			buildActionMask = 2147483647;
			files = (
				8BC1DAC3244CE35E007D3550 /* GenreView.swift in Sources */,
				8BC1DAD3244F74D8007D3550 /* Spinner.swift in Sources */,
				8BB59995245498A3007C4B72 /* MyGenresView.swift in Sources */,
				8BB5999724549EB6007C4B72 /* Genres.swift in Sources */,
				8BB599932452170E007C4B72 /* ResultsView.swift in Sources */,
				8BC1DAD1244E0FC3007D3550 /* Whistle.swift in Sources */,
				8BBD9A822450C76C00C550EA /* ResizableTextField.swift in Sources */,
				8BC1DAAB244C4FAC007D3550 /* AppDelegate.swift in Sources */,
				8BC1DAAD244C4FAC007D3550 /* SceneDelegate.swift in Sources */,
				8BC1DAC1244CB3BD007D3550 /* Helper.swift in Sources */,
				8BC1DACB244E0917007D3550 /* Modifier.swift in Sources */,
				8BC1DAAF244C4FAC007D3550 /* ContentView.swift in Sources */,
				8BC1DAC5244CE7D5007D3550 /* SubmitView.swift in Sources */,
				8BC1DABF244CA024007D3550 /* AddWhistleView.swift in Sources */,
				8BC1DAC9244E07F2007D3550 /* LoadingView.swift in Sources */,
			);
			runOnlyForDeploymentPostprocessing = 0;
		};
/* End PBXSourcesBuildPhase section */

/* Begin PBXVariantGroup section */
		8BC1DAB5244C4FB0007D3550 /* LaunchScreen.storyboard */ = {
			isa = PBXVariantGroup;
			children = (
				8BC1DAB6244C4FB0007D3550 /* Base */,
			);
			name = LaunchScreen.storyboard;
			sourceTree = "<group>";
		};
/* End PBXVariantGroup section */

/* Begin XCBuildConfiguration section */
		8BC1DAB9244C4FB0007D3550 /* Debug */ = {
			isa = XCBuildConfiguration;
			buildSettings = {
				ALWAYS_SEARCH_USER_PATHS = NO;
				CLANG_ANALYZER_NONNULL = YES;
				CLANG_ANALYZER_NUMBER_OBJECT_CONVERSION = YES_AGGRESSIVE;
				CLANG_CXX_LANGUAGE_STANDARD = "gnu++14";
				CLANG_CXX_LIBRARY = "libc++";
				CLANG_ENABLE_MODULES = YES;
				CLANG_ENABLE_OBJC_ARC = YES;
				CLANG_ENABLE_OBJC_WEAK = YES;
				CLANG_WARN_BLOCK_CAPTURE_AUTORELEASING = YES;
				CLANG_WARN_BOOL_CONVERSION = YES;
				CLANG_WARN_COMMA = YES;
				CLANG_WARN_CONSTANT_CONVERSION = YES;
				CLANG_WARN_DEPRECATED_OBJC_IMPLEMENTATIONS = YES;
				CLANG_WARN_DIRECT_OBJC_ISA_USAGE = YES_ERROR;
				CLANG_WARN_DOCUMENTATION_COMMENTS = YES;
				CLANG_WARN_EMPTY_BODY = YES;
				CLANG_WARN_ENUM_CONVERSION = YES;
				CLANG_WARN_INFINITE_RECURSION = YES;
				CLANG_WARN_INT_CONVERSION = YES;
				CLANG_WARN_NON_LITERAL_NULL_CONVERSION = YES;
				CLANG_WARN_OBJC_IMPLICIT_RETAIN_SELF = YES;
				CLANG_WARN_OBJC_LITERAL_CONVERSION = YES;
				CLANG_WARN_OBJC_ROOT_CLASS = YES_ERROR;
				CLANG_WARN_RANGE_LOOP_ANALYSIS = YES;
				CLANG_WARN_STRICT_PROTOTYPES = YES;
				CLANG_WARN_SUSPICIOUS_MOVE = YES;
				CLANG_WARN_UNGUARDED_AVAILABILITY = YES_AGGRESSIVE;
				CLANG_WARN_UNREACHABLE_CODE = YES;
				CLANG_WARN__DUPLICATE_METHOD_MATCH = YES;
				COPY_PHASE_STRIP = NO;
				DEBUG_INFORMATION_FORMAT = dwarf;
				ENABLE_STRICT_OBJC_MSGSEND = YES;
				ENABLE_TESTABILITY = YES;
				GCC_C_LANGUAGE_STANDARD = gnu11;
				GCC_DYNAMIC_NO_PIC = NO;
				GCC_NO_COMMON_BLOCKS = YES;
				GCC_OPTIMIZATION_LEVEL = 0;
				GCC_PREPROCESSOR_DEFINITIONS = (
					"DEBUG=1",
					"$(inherited)",
				);
				GCC_WARN_64_TO_32_BIT_CONVERSION = YES;
				GCC_WARN_ABOUT_RETURN_TYPE = YES_ERROR;
				GCC_WARN_UNDECLARED_SELECTOR = YES;
				GCC_WARN_UNINITIALIZED_AUTOS = YES_AGGRESSIVE;
				GCC_WARN_UNUSED_FUNCTION = YES;
				GCC_WARN_UNUSED_VARIABLE = YES;
				IPHONEOS_DEPLOYMENT_TARGET = 13.4;
				MTL_ENABLE_DEBUG_INFO = INCLUDE_SOURCE;
				MTL_FAST_MATH = YES;
				ONLY_ACTIVE_ARCH = YES;
				SDKROOT = iphoneos;
				SWIFT_ACTIVE_COMPILATION_CONDITIONS = DEBUG;
				SWIFT_OPTIMIZATION_LEVEL = "-Onone";
			};
			name = Debug;
		};
		8BC1DABA244C4FB0007D3550 /* Release */ = {
			isa = XCBuildConfiguration;
			buildSettings = {
				ALWAYS_SEARCH_USER_PATHS = NO;
				CLANG_ANALYZER_NONNULL = YES;
				CLANG_ANALYZER_NUMBER_OBJECT_CONVERSION = YES_AGGRESSIVE;
				CLANG_CXX_LANGUAGE_STANDARD = "gnu++14";
				CLANG_CXX_LIBRARY = "libc++";
				CLANG_ENABLE_MODULES = YES;
				CLANG_ENABLE_OBJC_ARC = YES;
				CLANG_ENABLE_OBJC_WEAK = YES;
				CLANG_WARN_BLOCK_CAPTURE_AUTORELEASING = YES;
				CLANG_WARN_BOOL_CONVERSION = YES;
				CLANG_WARN_COMMA = YES;
				CLANG_WARN_CONSTANT_CONVERSION = YES;
				CLANG_WARN_DEPRECATED_OBJC_IMPLEMENTATIONS = YES;
				CLANG_WARN_DIRECT_OBJC_ISA_USAGE = YES_ERROR;
				CLANG_WARN_DOCUMENTATION_COMMENTS = YES;
				CLANG_WARN_EMPTY_BODY = YES;
				CLANG_WARN_ENUM_CONVERSION = YES;
				CLANG_WARN_INFINITE_RECURSION = YES;
				CLANG_WARN_INT_CONVERSION = YES;
				CLANG_WARN_NON_LITERAL_NULL_CONVERSION = YES;
				CLANG_WARN_OBJC_IMPLICIT_RETAIN_SELF = YES;
				CLANG_WARN_OBJC_LITERAL_CONVERSION = YES;
				CLANG_WARN_OBJC_ROOT_CLASS = YES_ERROR;
				CLANG_WARN_RANGE_LOOP_ANALYSIS = YES;
				CLANG_WARN_STRICT_PROTOTYPES = YES;
				CLANG_WARN_SUSPICIOUS_MOVE = YES;
				CLANG_WARN_UNGUARDED_AVAILABILITY = YES_AGGRESSIVE;
				CLANG_WARN_UNREACHABLE_CODE = YES;
				CLANG_WARN__DUPLICATE_METHOD_MATCH = YES;
				COPY_PHASE_STRIP = NO;
				DEBUG_INFORMATION_FORMAT = "dwarf-with-dsym";
				ENABLE_NS_ASSERTIONS = NO;
				ENABLE_STRICT_OBJC_MSGSEND = YES;
				GCC_C_LANGUAGE_STANDARD = gnu11;
				GCC_NO_COMMON_BLOCKS = YES;
				GCC_WARN_64_TO_32_BIT_CONVERSION = YES;
				GCC_WARN_ABOUT_RETURN_TYPE = YES_ERROR;
				GCC_WARN_UNDECLARED_SELECTOR = YES;
				GCC_WARN_UNINITIALIZED_AUTOS = YES_AGGRESSIVE;
				GCC_WARN_UNUSED_FUNCTION = YES;
				GCC_WARN_UNUSED_VARIABLE = YES;
				IPHONEOS_DEPLOYMENT_TARGET = 13.4;
				MTL_ENABLE_DEBUG_INFO = NO;
				MTL_FAST_MATH = YES;
				SDKROOT = iphoneos;
				SWIFT_COMPILATION_MODE = wholemodule;
				SWIFT_OPTIMIZATION_LEVEL = "-O";
				VALIDATE_PRODUCT = YES;
			};
			name = Release;
		};
		8BC1DABC244C4FB0007D3550 /* Debug */ = {
			isa = XCBuildConfiguration;
			buildSettings = {
				ASSETCATALOG_COMPILER_APPICON_NAME = AppIcon;
				CODE_SIGN_ENTITLEMENTS = "The Whistle/The Whistle.entitlements";
				CODE_SIGN_STYLE = Automatic;
				DEVELOPMENT_ASSET_PATHS = "\"The Whistle/Preview Content\"";
				DEVELOPMENT_TEAM = 5SYZQ266RF;
				ENABLE_PREVIEWS = YES;
				INFOPLIST_FILE = "The Whistle/Info.plist";
				LD_RUNPATH_SEARCH_PATHS = (
					"$(inherited)",
					"@executable_path/Frameworks",
				);
				PRODUCT_BUNDLE_IDENTIFIER = "co.uk.theappforest.The-Whistle";
				PRODUCT_NAME = "$(TARGET_NAME)";
				SWIFT_VERSION = 5.0;
				TARGETED_DEVICE_FAMILY = "1,2";
			};
			name = Debug;
		};
		8BC1DABD244C4FB0007D3550 /* Release */ = {
			isa = XCBuildConfiguration;
			buildSettings = {
				ASSETCATALOG_COMPILER_APPICON_NAME = AppIcon;
				CODE_SIGN_ENTITLEMENTS = "The Whistle/The Whistle.entitlements";
				CODE_SIGN_STYLE = Automatic;
				DEVELOPMENT_ASSET_PATHS = "\"The Whistle/Preview Content\"";
				DEVELOPMENT_TEAM = 5SYZQ266RF;
				ENABLE_PREVIEWS = YES;
				INFOPLIST_FILE = "The Whistle/Info.plist";
				LD_RUNPATH_SEARCH_PATHS = (
					"$(inherited)",
					"@executable_path/Frameworks",
				);
				PRODUCT_BUNDLE_IDENTIFIER = "co.uk.theappforest.The-Whistle";
				PRODUCT_NAME = "$(TARGET_NAME)";
				SWIFT_VERSION = 5.0;
				TARGETED_DEVICE_FAMILY = "1,2";
			};
			name = Release;
		};
/* End XCBuildConfiguration section */

/* Begin XCConfigurationList section */
		8BC1DAA2244C4FAC007D3550 /* Build configuration list for PBXProject "The Whistle" */ = {
			isa = XCConfigurationList;
			buildConfigurations = (
				8BC1DAB9244C4FB0007D3550 /* Debug */,
				8BC1DABA244C4FB0007D3550 /* Release */,
			);
			defaultConfigurationIsVisible = 0;
			defaultConfigurationName = Release;
		};
		8BC1DABB244C4FB0007D3550 /* Build configuration list for PBXNativeTarget "The Whistle" */ = {
			isa = XCConfigurationList;
			buildConfigurations = (
				8BC1DABC244C4FB0007D3550 /* Debug */,
				8BC1DABD244C4FB0007D3550 /* Release */,
			);
			defaultConfigurationIsVisible = 0;
			defaultConfigurationName = Release;
		};
/* End XCConfigurationList section */
	};
	rootObject = 8BC1DA9F244C4FAC007D3550 /* Project object */;
}
